
Microsoft Visual Studio Solution File, Format Version 12.00
# Visual Studio Version 16
VisualStudioVersion = 16.0.31321.278
MinimumVisualStudioVersion = 10.0.40219.1
Project("{FAE04EC0-301F-11D3-BF4B-00C04F79EFBC}") = "IS-1-20-VolokhovBL-U", "IS-1-20-VolokhovBL-U\IS-1-20-VolokhovBL-U.csproj", "{BFB12AB4-D443-4AB5-84C4-024AF8A94668}"
EndProject
Global
	GlobalSection(SolutionConfigurationPlatforms) = preSolution
		Debug|Any CPU = Debug|Any CPU
		Release|Any CPU = Release|Any CPU
	EndGlobalSection
	GlobalSection(ProjectConfigurationPlatforms) = postSolution
		{BFB12AB4-D443-4AB5-84C4-024AF8A94668}.Debug|Any CPU.ActiveCfg = Debug|Any CPU
		{BFB12AB4-D443-4AB5-84C4-024AF8A94668}.Debug|Any CPU.Build.0 = Debug|Any CPU
		{BFB12AB4-D443-4AB5-84C4-024AF8A94668}.Release|Any CPU.ActiveCfg = Release|Any CPU
		{BFB12AB4-D443-4AB5-84C4-024AF8A94668}.Release|Any CPU.Build.0 = Release|Any CPU
	EndGlobalSection
	GlobalSection(SolutionProperties) = preSolution
		HideSolutionNode = FALSE
	EndGlobalSection
	GlobalSection(ExtensibilityGlobals) = postSolution
		SolutionGuid = {DE533D4C-59BE-4A07-8FBF-3A1C1576F348}
	EndGlobalSection
EndGlobal
